
Microsoft Visual Studio Solution File, Format Version 12.00
# Visual Studio Version 17
VisualStudioVersion = 17.1.32210.238
MinimumVisualStudioVersion = 10.0.40219.1
Project("{FAE04EC0-301F-11D3-BF4B-00C04F79EFBC}") = "jooledotnet", "jooledotnet\jooledotnet.csproj", "{79A39664-B042-41AC-82B3-BDAAD9B7F564}"
EndProject
Project("{FAE04EC0-301F-11D3-BF4B-00C04F79EFBC}") = "Repository", "RepositoryLayer\Repository.csproj", "{F8695F23-10B0-485E-8651-E85CE3307A7A}"
EndProject
Project("{FAE04EC0-301F-11D3-BF4B-00C04F79EFBC}") = "Domin", "Domin\Domin.csproj", "{96E3F910-611C-4983-BE78-8177AA58E9B8}"
EndProject
Global
	GlobalSection(SolutionConfigurationPlatforms) = preSolution
		Debug|Any CPU = Debug|Any CPU
		Release|Any CPU = Release|Any CPU
	EndGlobalSection
	GlobalSection(ProjectConfigurationPlatforms) = postSolution
		{79A39664-B042-41AC-82B3-BDAAD9B7F564}.Debug|Any CPU.ActiveCfg = Debug|Any CPU
		{79A39664-B042-41AC-82B3-BDAAD9B7F564}.Debug|Any CPU.Build.0 = Debug|Any CPU
		{79A39664-B042-41AC-82B3-BDAAD9B7F564}.Release|Any CPU.ActiveCfg = Release|Any CPU
		{79A39664-B042-41AC-82B3-BDAAD9B7F564}.Release|Any CPU.Build.0 = Release|Any CPU
		{F8695F23-10B0-485E-8651-E85CE3307A7A}.Debug|Any CPU.ActiveCfg = Debug|Any CPU
		{F8695F23-10B0-485E-8651-E85CE3307A7A}.Debug|Any CPU.Build.0 = Debug|Any CPU
		{F8695F23-10B0-485E-8651-E85CE3307A7A}.Release|Any CPU.ActiveCfg = Release|Any CPU
		{F8695F23-10B0-485E-8651-E85CE3307A7A}.Release|Any CPU.Build.0 = Release|Any CPU
		{96E3F910-611C-4983-BE78-8177AA58E9B8}.Debug|Any CPU.ActiveCfg = Debug|Any CPU
		{96E3F910-611C-4983-BE78-8177AA58E9B8}.Debug|Any CPU.Build.0 = Debug|Any CPU
		{96E3F910-611C-4983-BE78-8177AA58E9B8}.Release|Any CPU.ActiveCfg = Release|Any CPU
		{96E3F910-611C-4983-BE78-8177AA58E9B8}.Release|Any CPU.Build.0 = Release|Any CPU
	EndGlobalSection
	GlobalSection(SolutionProperties) = preSolution
		HideSolutionNode = FALSE
	EndGlobalSection
	GlobalSection(ExtensibilityGlobals) = postSolution
		SolutionGuid = {46F29E30-A14E-4DEF-951C-8A627B35B33D}
	EndGlobalSection
EndGlobal
